// !$*UTF8*$!
{
	archiveVersion = 1;
	classes = {
	};
	objectVersion = 56;
	objects = {

/* Begin PBXBuildFile section */
		AC2205E1297812540076D462 /* ReciMeXApp.swift in Sources */ = {isa = PBXBuildFile; fileRef = AC2205E0297812540076D462 /* ReciMeXApp.swift */; };
		AC2205E3297812540076D462 /* RootView.swift in Sources */ = {isa = PBXBuildFile; fileRef = AC2205E2297812540076D462 /* RootView.swift */; };
		AC2205E5297812550076D462 /* Assets.xcassets in Resources */ = {isa = PBXBuildFile; fileRef = AC2205E4297812550076D462 /* Assets.xcassets */; };
		AC2205E8297812550076D462 /* Preview Assets.xcassets in Resources */ = {isa = PBXBuildFile; fileRef = AC2205E7297812550076D462 /* Preview Assets.xcassets */; };
		AC2205F229783F830076D462 /* NetworkProviderCompatible.swift in Sources */ = {isa = PBXBuildFile; fileRef = AC2205F129783F830076D462 /* NetworkProviderCompatible.swift */; };
		AC2205F429783FD90076D462 /* APIRequestCompatible.swift in Sources */ = {isa = PBXBuildFile; fileRef = AC2205F329783FD80076D462 /* APIRequestCompatible.swift */; };
		AC2205F62978415A0076D462 /* APIHeaderCompatible.swift in Sources */ = {isa = PBXBuildFile; fileRef = AC2205F52978415A0076D462 /* APIHeaderCompatible.swift */; };
		AC2205F8297841910076D462 /* APIParameterCompatible.swift in Sources */ = {isa = PBXBuildFile; fileRef = AC2205F7297841910076D462 /* APIParameterCompatible.swift */; };
		AC2205FA297841F10076D462 /* APIBodyCompatible.swift in Sources */ = {isa = PBXBuildFile; fileRef = AC2205F9297841F10076D462 /* APIBodyCompatible.swift */; };
		AC2205FC2978427C0076D462 /* APIResponseAdapter.swift in Sources */ = {isa = PBXBuildFile; fileRef = AC2205FB2978427C0076D462 /* APIResponseAdapter.swift */; };
		AC2205FE297842EE0076D462 /* APIAssemble.swift in Sources */ = {isa = PBXBuildFile; fileRef = AC2205FD297842ED0076D462 /* APIAssemble.swift */; };
		AC2206012978436B0076D462 /* Injectable.swift in Sources */ = {isa = PBXBuildFile; fileRef = AC2206002978436B0076D462 /* Injectable.swift */; };
		AC220603297843C40076D462 /* DefaultDIInjector.swift in Sources */ = {isa = PBXBuildFile; fileRef = AC220602297843C40076D462 /* DefaultDIInjector.swift */; };
		AC2206082978454C0076D462 /* RecipeListScreen.swift in Sources */ = {isa = PBXBuildFile; fileRef = AC2206072978454C0076D462 /* RecipeListScreen.swift */; };
		AC22060A2978457B0076D462 /* RecipeExtendedScreen.swift in Sources */ = {isa = PBXBuildFile; fileRef = AC2206092978457B0076D462 /* RecipeExtendedScreen.swift */; };
		AC22061229784DA00076D462 /* ReciMeAPIBuilder.swift in Sources */ = {isa = PBXBuildFile; fileRef = AC22061129784DA00076D462 /* ReciMeAPIBuilder.swift */; };
		AC220615297852D10076D462 /* RecipeRepository.swift in Sources */ = {isa = PBXBuildFile; fileRef = AC220614297852D10076D462 /* RecipeRepository.swift */; };
		AC2206172978537B0076D462 /* RecipeService.swift in Sources */ = {isa = PBXBuildFile; fileRef = AC2206162978537B0076D462 /* RecipeService.swift */; };
		AC220619297855120076D462 /* JSONHelper.swift in Sources */ = {isa = PBXBuildFile; fileRef = AC220618297855120076D462 /* JSONHelper.swift */; };
		AC22061C297856990076D462 /* Recipe.swift in Sources */ = {isa = PBXBuildFile; fileRef = AC22061B297856990076D462 /* Recipe.swift */; };
		AC22061E297856C50076D462 /* RecipeDetail.swift in Sources */ = {isa = PBXBuildFile; fileRef = AC22061D297856C50076D462 /* RecipeDetail.swift */; };
		AC220620297856D40076D462 /* RecipeIngredients.swift in Sources */ = {isa = PBXBuildFile; fileRef = AC22061F297856D40076D462 /* RecipeIngredients.swift */; };
		AC22062229785BF20076D462 /* RecipeListViewModel.swift in Sources */ = {isa = PBXBuildFile; fileRef = AC22062129785BF20076D462 /* RecipeListViewModel.swift */; };
		AC22062529785ED30076D462 /* RecipeTile.swift in Sources */ = {isa = PBXBuildFile; fileRef = AC22062429785ED30076D462 /* RecipeTile.swift */; };
		AC2206292978732C0076D462 /* RecipeExtendedViewModel.swift in Sources */ = {isa = PBXBuildFile; fileRef = AC2206282978732C0076D462 /* RecipeExtendedViewModel.swift */; };
/* End PBXBuildFile section */

/* Begin PBXFileReference section */
		AC2205DD297812540076D462 /* ReciMeX.app */ = {isa = PBXFileReference; explicitFileType = wrapper.application; includeInIndex = 0; path = ReciMeX.app; sourceTree = BUILT_PRODUCTS_DIR; };
		AC2205E0297812540076D462 /* ReciMeXApp.swift */ = {isa = PBXFileReference; lastKnownFileType = sourcecode.swift; path = ReciMeXApp.swift; sourceTree = "<group>"; };
		AC2205E2297812540076D462 /* RootView.swift */ = {isa = PBXFileReference; lastKnownFileType = sourcecode.swift; path = RootView.swift; sourceTree = "<group>"; };
		AC2205E4297812550076D462 /* Assets.xcassets */ = {isa = PBXFileReference; lastKnownFileType = folder.assetcatalog; path = Assets.xcassets; sourceTree = "<group>"; };
		AC2205E7297812550076D462 /* Preview Assets.xcassets */ = {isa = PBXFileReference; lastKnownFileType = folder.assetcatalog; path = "Preview Assets.xcassets"; sourceTree = "<group>"; };
		AC2205F129783F830076D462 /* NetworkProviderCompatible.swift */ = {isa = PBXFileReference; lastKnownFileType = sourcecode.swift; path = NetworkProviderCompatible.swift; sourceTree = "<group>"; };
		AC2205F329783FD80076D462 /* APIRequestCompatible.swift */ = {isa = PBXFileReference; lastKnownFileType = sourcecode.swift; path = APIRequestCompatible.swift; sourceTree = "<group>"; };
		AC2205F52978415A0076D462 /* APIHeaderCompatible.swift */ = {isa = PBXFileReference; lastKnownFileType = sourcecode.swift; path = APIHeaderCompatible.swift; sourceTree = "<group>"; };
		AC2205F7297841910076D462 /* APIParameterCompatible.swift */ = {isa = PBXFileReference; lastKnownFileType = sourcecode.swift; path = APIParameterCompatible.swift; sourceTree = "<group>"; };
		AC2205F9297841F10076D462 /* APIBodyCompatible.swift */ = {isa = PBXFileReference; lastKnownFileType = sourcecode.swift; path = APIBodyCompatible.swift; sourceTree = "<group>"; };
		AC2205FB2978427C0076D462 /* APIResponseAdapter.swift */ = {isa = PBXFileReference; lastKnownFileType = sourcecode.swift; path = APIResponseAdapter.swift; sourceTree = "<group>"; };
		AC2205FD297842ED0076D462 /* APIAssemble.swift */ = {isa = PBXFileReference; lastKnownFileType = sourcecode.swift; path = APIAssemble.swift; sourceTree = "<group>"; };
		AC2206002978436B0076D462 /* Injectable.swift */ = {isa = PBXFileReference; lastKnownFileType = sourcecode.swift; path = Injectable.swift; sourceTree = "<group>"; };
		AC220602297843C40076D462 /* DefaultDIInjector.swift */ = {isa = PBXFileReference; lastKnownFileType = sourcecode.swift; path = DefaultDIInjector.swift; sourceTree = "<group>"; };
		AC2206072978454C0076D462 /* RecipeListScreen.swift */ = {isa = PBXFileReference; lastKnownFileType = sourcecode.swift; path = RecipeListScreen.swift; sourceTree = "<group>"; };
		AC2206092978457B0076D462 /* RecipeExtendedScreen.swift */ = {isa = PBXFileReference; lastKnownFileType = sourcecode.swift; path = RecipeExtendedScreen.swift; sourceTree = "<group>"; };
		AC22060B297849770076D462 /* README.md */ = {isa = PBXFileReference; lastKnownFileType = net.daringfireball.markdown; path = README.md; sourceTree = "<group>"; };
		AC22061129784DA00076D462 /* ReciMeAPIBuilder.swift */ = {isa = PBXFileReference; lastKnownFileType = sourcecode.swift; path = ReciMeAPIBuilder.swift; sourceTree = "<group>"; };
		AC220614297852D10076D462 /* RecipeRepository.swift */ = {isa = PBXFileReference; lastKnownFileType = sourcecode.swift; path = RecipeRepository.swift; sourceTree = "<group>"; };
		AC2206162978537B0076D462 /* RecipeService.swift */ = {isa = PBXFileReference; lastKnownFileType = sourcecode.swift; path = RecipeService.swift; sourceTree = "<group>"; };
		AC220618297855120076D462 /* JSONHelper.swift */ = {isa = PBXFileReference; lastKnownFileType = sourcecode.swift; path = JSONHelper.swift; sourceTree = "<group>"; };
		AC22061B297856990076D462 /* Recipe.swift */ = {isa = PBXFileReference; lastKnownFileType = sourcecode.swift; path = Recipe.swift; sourceTree = "<group>"; };
		AC22061D297856C50076D462 /* RecipeDetail.swift */ = {isa = PBXFileReference; lastKnownFileType = sourcecode.swift; path = RecipeDetail.swift; sourceTree = "<group>"; };
		AC22061F297856D40076D462 /* RecipeIngredients.swift */ = {isa = PBXFileReference; lastKnownFileType = sourcecode.swift; path = RecipeIngredients.swift; sourceTree = "<group>"; };
		AC22062129785BF20076D462 /* RecipeListViewModel.swift */ = {isa = PBXFileReference; lastKnownFileType = sourcecode.swift; path = RecipeListViewModel.swift; sourceTree = "<group>"; };
		AC22062429785ED30076D462 /* RecipeTile.swift */ = {isa = PBXFileReference; lastKnownFileType = sourcecode.swift; path = RecipeTile.swift; sourceTree = "<group>"; };
		AC2206282978732C0076D462 /* RecipeExtendedViewModel.swift */ = {isa = PBXFileReference; lastKnownFileType = sourcecode.swift; path = RecipeExtendedViewModel.swift; sourceTree = "<group>"; };
/* End PBXFileReference section */

/* Begin PBXFrameworksBuildPhase section */
		AC2205DA297812540076D462 /* Frameworks */ = {
			isa = PBXFrameworksBuildPhase;
			buildActionMask = 2147483647;
			files = (
			);
			runOnlyForDeploymentPostprocessing = 0;
		};
/* End PBXFrameworksBuildPhase section */

/* Begin PBXGroup section */
		AC2205D4297812540076D462 = {
			isa = PBXGroup;
			children = (
				AC22060B297849770076D462 /* README.md */,
				AC2205DF297812540076D462 /* ReciMeX */,
				AC2205DE297812540076D462 /* Products */,
			);
			sourceTree = "<group>";
		};
		AC2205DE297812540076D462 /* Products */ = {
			isa = PBXGroup;
			children = (
				AC2205DD297812540076D462 /* ReciMeX.app */,
			);
			name = Products;
			sourceTree = "<group>";
		};
		AC2205DF297812540076D462 /* ReciMeX */ = {
			isa = PBXGroup;
			children = (
				AC22062329785E8D0076D462 /* Views */,
				AC22061A2978568B0076D462 /* Entities */,
				AC22060D29784CE90076D462 /* Services */,
				AC22060C29784CB90076D462 /* Repositories */,
				AC220604297844C30076D462 /* Screens */,
				AC2205EF29783F310076D462 /* Helper */,
				AC2205EE297812750076D462 /* App */,
				AC2205E4297812550076D462 /* Assets.xcassets */,
				AC2205E6297812550076D462 /* Preview Content */,
			);
			path = ReciMeX;
			sourceTree = "<group>";
		};
		AC2205E6297812550076D462 /* Preview Content */ = {
			isa = PBXGroup;
			children = (
				AC2205E7297812550076D462 /* Preview Assets.xcassets */,
			);
			path = "Preview Content";
			sourceTree = "<group>";
		};
		AC2205EE297812750076D462 /* App */ = {
			isa = PBXGroup;
			children = (
				AC2205E0297812540076D462 /* ReciMeXApp.swift */,
				AC220602297843C40076D462 /* DefaultDIInjector.swift */,
				AC2205E2297812540076D462 /* RootView.swift */,
			);
			path = App;
			sourceTree = "<group>";
		};
		AC2205EF29783F310076D462 /* Helper */ = {
			isa = PBXGroup;
			children = (
				AC2205FF2978433F0076D462 /* DI */,
				AC2205F029783F3C0076D462 /* API */,
				AC220618297855120076D462 /* JSONHelper.swift */,
			);
			path = Helper;
			sourceTree = "<group>";
		};
		AC2205F029783F3C0076D462 /* API */ = {
			isa = PBXGroup;
			children = (
				AC2205F129783F830076D462 /* NetworkProviderCompatible.swift */,
				AC2205F329783FD80076D462 /* APIRequestCompatible.swift */,
				AC2205F52978415A0076D462 /* APIHeaderCompatible.swift */,
				AC2205F7297841910076D462 /* APIParameterCompatible.swift */,
				AC2205F9297841F10076D462 /* APIBodyCompatible.swift */,
				AC2205FB2978427C0076D462 /* APIResponseAdapter.swift */,
				AC2205FD297842ED0076D462 /* APIAssemble.swift */,
			);
			path = API;
			sourceTree = "<group>";
		};
		AC2205FF2978433F0076D462 /* DI */ = {
			isa = PBXGroup;
			children = (
				AC2206002978436B0076D462 /* Injectable.swift */,
			);
			path = DI;
			sourceTree = "<group>";
		};
		AC220604297844C30076D462 /* Screens */ = {
			isa = PBXGroup;
			children = (
				AC220606297845190076D462 /* RecipeExtendedScreen */,
				AC220605297844EA0076D462 /* RecipeListScreen */,
			);
			path = Screens;
			sourceTree = "<group>";
		};
		AC220605297844EA0076D462 /* RecipeListScreen */ = {
			isa = PBXGroup;
			children = (
				AC2206072978454C0076D462 /* RecipeListScreen.swift */,
				AC22062129785BF20076D462 /* RecipeListViewModel.swift */,
			);
			path = RecipeListScreen;
			sourceTree = "<group>";
		};
		AC220606297845190076D462 /* RecipeExtendedScreen */ = {
			isa = PBXGroup;
			children = (
				AC2206092978457B0076D462 /* RecipeExtendedScreen.swift */,
				AC2206282978732C0076D462 /* RecipeExtendedViewModel.swift */,
			);
			path = RecipeExtendedScreen;
			sourceTree = "<group>";
		};
		AC22060C29784CB90076D462 /* Repositories */ = {
			isa = PBXGroup;
			children = (
				AC220613297852B80076D462 /* Recipe */,
			);
			path = Repositories;
			sourceTree = "<group>";
		};
		AC22060D29784CE90076D462 /* Services */ = {
			isa = PBXGroup;
			children = (
				AC22061029784D830076D462 /* ReciMeAPIs */,
			);
			path = Services;
			sourceTree = "<group>";
		};
		AC22061029784D830076D462 /* ReciMeAPIs */ = {
			isa = PBXGroup;
			children = (
				AC22061129784DA00076D462 /* ReciMeAPIBuilder.swift */,
			);
			path = ReciMeAPIs;
			sourceTree = "<group>";
		};
		AC220613297852B80076D462 /* Recipe */ = {
			isa = PBXGroup;
			children = (
				AC220614297852D10076D462 /* RecipeRepository.swift */,
				AC2206162978537B0076D462 /* RecipeService.swift */,
			);
			path = Recipe;
			sourceTree = "<group>";
		};
		AC22061A2978568B0076D462 /* Entities */ = {
			isa = PBXGroup;
			children = (
				AC22061B297856990076D462 /* Recipe.swift */,
				AC22061D297856C50076D462 /* RecipeDetail.swift */,
				AC22061F297856D40076D462 /* RecipeIngredients.swift */,
			);
			path = Entities;
			sourceTree = "<group>";
		};
		AC22062329785E8D0076D462 /* Views */ = {
			isa = PBXGroup;
			children = (
				AC22062429785ED30076D462 /* RecipeTile.swift */,
			);
			path = Views;
			sourceTree = "<group>";
		};
/* End PBXGroup section */

/* Begin PBXNativeTarget section */
		AC2205DC297812540076D462 /* ReciMeX */ = {
			isa = PBXNativeTarget;
			buildConfigurationList = AC2205EB297812550076D462 /* Build configuration list for PBXNativeTarget "ReciMeX" */;
			buildPhases = (
				AC2205D9297812540076D462 /* Sources */,
				AC2205DA297812540076D462 /* Frameworks */,
				AC2205DB297812540076D462 /* Resources */,
			);
			buildRules = (
			);
			dependencies = (
			);
			name = ReciMeX;
			productName = ReciMeX;
			productReference = AC2205DD297812540076D462 /* ReciMeX.app */;
			productType = "com.apple.product-type.application";
		};
/* End PBXNativeTarget section */

/* Begin PBXProject section */
		AC2205D5297812540076D462 /* Project object */ = {
			isa = PBXProject;
			attributes = {
				BuildIndependentTargetsInParallel = 1;
				LastSwiftUpdateCheck = 1420;
				LastUpgradeCheck = 1420;
				TargetAttributes = {
					AC2205DC297812540076D462 = {
						CreatedOnToolsVersion = 14.2;
					};
				};
			};
			buildConfigurationList = AC2205D8297812540076D462 /* Build configuration list for PBXProject "ReciMeX" */;
			compatibilityVersion = "Xcode 14.0";
			developmentRegion = en;
			hasScannedForEncodings = 0;
			knownRegions = (
				en,
				Base,
			);
			mainGroup = AC2205D4297812540076D462;
			productRefGroup = AC2205DE297812540076D462 /* Products */;
			projectDirPath = "";
			projectRoot = "";
			targets = (
				AC2205DC297812540076D462 /* ReciMeX */,
			);
		};
/* End PBXProject section */

/* Begin PBXResourcesBuildPhase section */
		AC2205DB297812540076D462 /* Resources */ = {
			isa = PBXResourcesBuildPhase;
			buildActionMask = 2147483647;
			files = (
				AC2205E8297812550076D462 /* Preview Assets.xcassets in Resources */,
				AC2205E5297812550076D462 /* Assets.xcassets in Resources */,
			);
			runOnlyForDeploymentPostprocessing = 0;
		};
/* End PBXResourcesBuildPhase section */

/* Begin PBXSourcesBuildPhase section */
		AC2205D9297812540076D462 /* Sources */ = {
			isa = PBXSourcesBuildPhase;
			buildActionMask = 2147483647;
			files = (
				AC2205FE297842EE0076D462 /* APIAssemble.swift in Sources */,
				AC22060A2978457B0076D462 /* RecipeExtendedScreen.swift in Sources */,
				AC2205F62978415A0076D462 /* APIHeaderCompatible.swift in Sources */,
				AC2205F429783FD90076D462 /* APIRequestCompatible.swift in Sources */,
				AC220615297852D10076D462 /* RecipeRepository.swift in Sources */,
				AC2205F8297841910076D462 /* APIParameterCompatible.swift in Sources */,
				AC220620297856D40076D462 /* RecipeIngredients.swift in Sources */,
				AC2205F229783F830076D462 /* NetworkProviderCompatible.swift in Sources */,
				AC2206172978537B0076D462 /* RecipeService.swift in Sources */,
				AC2205E3297812540076D462 /* RootView.swift in Sources */,
				AC2206292978732C0076D462 /* RecipeExtendedViewModel.swift in Sources */,
				AC22061E297856C50076D462 /* RecipeDetail.swift in Sources */,
				AC2205FC2978427C0076D462 /* APIResponseAdapter.swift in Sources */,
				AC2205FA297841F10076D462 /* APIBodyCompatible.swift in Sources */,
				AC22062529785ED30076D462 /* RecipeTile.swift in Sources */,
				AC220603297843C40076D462 /* DefaultDIInjector.swift in Sources */,
				AC22062229785BF20076D462 /* RecipeListViewModel.swift in Sources */,
				AC2206082978454C0076D462 /* RecipeListScreen.swift in Sources */,
				AC22061229784DA00076D462 /* ReciMeAPIBuilder.swift in Sources */,
				AC2206012978436B0076D462 /* Injectable.swift in Sources */,
				AC22061C297856990076D462 /* Recipe.swift in Sources */,
				AC2205E1297812540076D462 /* ReciMeXApp.swift in Sources */,
				AC220619297855120076D462 /* JSONHelper.swift in Sources */,
			);
			runOnlyForDeploymentPostprocessing = 0;
		};
/* End PBXSourcesBuildPhase section */

/* Begin XCBuildConfiguration section */
		AC2205E9297812550076D462 /* Debug */ = {
			isa = XCBuildConfiguration;
			buildSettings = {
				ALWAYS_SEARCH_USER_PATHS = NO;
				CLANG_ANALYZER_NONNULL = YES;
				CLANG_ANALYZER_NUMBER_OBJECT_CONVERSION = YES_AGGRESSIVE;
				CLANG_CXX_LANGUAGE_STANDARD = "gnu++20";
				CLANG_ENABLE_MODULES = YES;
				CLANG_ENABLE_OBJC_ARC = YES;
				CLANG_ENABLE_OBJC_WEAK = YES;
				CLANG_WARN_BLOCK_CAPTURE_AUTORELEASING = YES;
				CLANG_WARN_BOOL_CONVERSION = YES;
				CLANG_WARN_COMMA = YES;
				CLANG_WARN_CONSTANT_CONVERSION = YES;
				CLANG_WARN_DEPRECATED_OBJC_IMPLEMENTATIONS = YES;
				CLANG_WARN_DIRECT_OBJC_ISA_USAGE = YES_ERROR;
				CLANG_WARN_DOCUMENTATION_COMMENTS = YES;
				CLANG_WARN_EMPTY_BODY = YES;
				CLANG_WARN_ENUM_CONVERSION = YES;
				CLANG_WARN_INFINITE_RECURSION = YES;
				CLANG_WARN_INT_CONVERSION = YES;
				CLANG_WARN_NON_LITERAL_NULL_CONVERSION = YES;
				CLANG_WARN_OBJC_IMPLICIT_RETAIN_SELF = YES;
				CLANG_WARN_OBJC_LITERAL_CONVERSION = YES;
				CLANG_WARN_OBJC_ROOT_CLASS = YES_ERROR;
				CLANG_WARN_QUOTED_INCLUDE_IN_FRAMEWORK_HEADER = YES;
				CLANG_WARN_RANGE_LOOP_ANALYSIS = YES;
				CLANG_WARN_STRICT_PROTOTYPES = YES;
				CLANG_WARN_SUSPICIOUS_MOVE = YES;
				CLANG_WARN_UNGUARDED_AVAILABILITY = YES_AGGRESSIVE;
				CLANG_WARN_UNREACHABLE_CODE = YES;
				CLANG_WARN__DUPLICATE_METHOD_MATCH = YES;
				COPY_PHASE_STRIP = NO;
				DEBUG_INFORMATION_FORMAT = dwarf;
				ENABLE_STRICT_OBJC_MSGSEND = YES;
				ENABLE_TESTABILITY = YES;
				GCC_C_LANGUAGE_STANDARD = gnu11;
				GCC_DYNAMIC_NO_PIC = NO;
				GCC_NO_COMMON_BLOCKS = YES;
				GCC_OPTIMIZATION_LEVEL = 0;
				GCC_PREPROCESSOR_DEFINITIONS = (
					"DEBUG=1",
					"$(inherited)",
				);
				GCC_WARN_64_TO_32_BIT_CONVERSION = YES;
				GCC_WARN_ABOUT_RETURN_TYPE = YES_ERROR;
				GCC_WARN_UNDECLARED_SELECTOR = YES;
				GCC_WARN_UNINITIALIZED_AUTOS = YES_AGGRESSIVE;
				GCC_WARN_UNUSED_FUNCTION = YES;
				GCC_WARN_UNUSED_VARIABLE = YES;
				IPHONEOS_DEPLOYMENT_TARGET = 16.2;
				MTL_ENABLE_DEBUG_INFO = INCLUDE_SOURCE;
				MTL_FAST_MATH = YES;
				ONLY_ACTIVE_ARCH = YES;
				SDKROOT = iphoneos;
				SWIFT_ACTIVE_COMPILATION_CONDITIONS = DEBUG;
				SWIFT_OPTIMIZATION_LEVEL = "-Onone";
			};
			name = Debug;
		};
		AC2205EA297812550076D462 /* Release */ = {
			isa = XCBuildConfiguration;
			buildSettings = {
				ALWAYS_SEARCH_USER_PATHS = NO;
				CLANG_ANALYZER_NONNULL = YES;
				CLANG_ANALYZER_NUMBER_OBJECT_CONVERSION = YES_AGGRESSIVE;
				CLANG_CXX_LANGUAGE_STANDARD = "gnu++20";
				CLANG_ENABLE_MODULES = YES;
				CLANG_ENABLE_OBJC_ARC = YES;
				CLANG_ENABLE_OBJC_WEAK = YES;
				CLANG_WARN_BLOCK_CAPTURE_AUTORELEASING = YES;
				CLANG_WARN_BOOL_CONVERSION = YES;
				CLANG_WARN_COMMA = YES;
				CLANG_WARN_CONSTANT_CONVERSION = YES;
				CLANG_WARN_DEPRECATED_OBJC_IMPLEMENTATIONS = YES;
				CLANG_WARN_DIRECT_OBJC_ISA_USAGE = YES_ERROR;
				CLANG_WARN_DOCUMENTATION_COMMENTS = YES;
				CLANG_WARN_EMPTY_BODY = YES;
				CLANG_WARN_ENUM_CONVERSION = YES;
				CLANG_WARN_INFINITE_RECURSION = YES;
				CLANG_WARN_INT_CONVERSION = YES;
				CLANG_WARN_NON_LITERAL_NULL_CONVERSION = YES;
				CLANG_WARN_OBJC_IMPLICIT_RETAIN_SELF = YES;
				CLANG_WARN_OBJC_LITERAL_CONVERSION = YES;
				CLANG_WARN_OBJC_ROOT_CLASS = YES_ERROR;
				CLANG_WARN_QUOTED_INCLUDE_IN_FRAMEWORK_HEADER = YES;
				CLANG_WARN_RANGE_LOOP_ANALYSIS = YES;
				CLANG_WARN_STRICT_PROTOTYPES = YES;
				CLANG_WARN_SUSPICIOUS_MOVE = YES;
				CLANG_WARN_UNGUARDED_AVAILABILITY = YES_AGGRESSIVE;
				CLANG_WARN_UNREACHABLE_CODE = YES;
				CLANG_WARN__DUPLICATE_METHOD_MATCH = YES;
				COPY_PHASE_STRIP = NO;
				DEBUG_INFORMATION_FORMAT = "dwarf-with-dsym";
				ENABLE_NS_ASSERTIONS = NO;
				ENABLE_STRICT_OBJC_MSGSEND = YES;
				GCC_C_LANGUAGE_STANDARD = gnu11;
				GCC_NO_COMMON_BLOCKS = YES;
				GCC_WARN_64_TO_32_BIT_CONVERSION = YES;
				GCC_WARN_ABOUT_RETURN_TYPE = YES_ERROR;
				GCC_WARN_UNDECLARED_SELECTOR = YES;
				GCC_WARN_UNINITIALIZED_AUTOS = YES_AGGRESSIVE;
				GCC_WARN_UNUSED_FUNCTION = YES;
				GCC_WARN_UNUSED_VARIABLE = YES;
				IPHONEOS_DEPLOYMENT_TARGET = 16.2;
				MTL_ENABLE_DEBUG_INFO = NO;
				MTL_FAST_MATH = YES;
				SDKROOT = iphoneos;
				SWIFT_COMPILATION_MODE = wholemodule;
				SWIFT_OPTIMIZATION_LEVEL = "-O";
				VALIDATE_PRODUCT = YES;
			};
			name = Release;
		};
		AC2205EC297812550076D462 /* Debug */ = {
			isa = XCBuildConfiguration;
			buildSettings = {
				ASSETCATALOG_COMPILER_APPICON_NAME = AppIcon;
				ASSETCATALOG_COMPILER_GLOBAL_ACCENT_COLOR_NAME = AccentColor;
				CODE_SIGN_STYLE = Automatic;
				CURRENT_PROJECT_VERSION = 1;
				DEVELOPMENT_ASSET_PATHS = "\"ReciMeX/Preview Content\"";
				DEVELOPMENT_TEAM = TK6T4KEN3N;
				ENABLE_PREVIEWS = YES;
				GENERATE_INFOPLIST_FILE = YES;
				INFOPLIST_KEY_UIApplicationSceneManifest_Generation = YES;
				INFOPLIST_KEY_UIApplicationSupportsIndirectInputEvents = YES;
				INFOPLIST_KEY_UILaunchScreen_Generation = YES;
				INFOPLIST_KEY_UISupportedInterfaceOrientations_iPad = "UIInterfaceOrientationPortrait UIInterfaceOrientationPortraitUpsideDown UIInterfaceOrientationLandscapeLeft UIInterfaceOrientationLandscapeRight";
				INFOPLIST_KEY_UISupportedInterfaceOrientations_iPhone = "UIInterfaceOrientationPortrait UIInterfaceOrientationLandscapeLeft UIInterfaceOrientationLandscapeRight";
				LD_RUNPATH_SEARCH_PATHS = (
					"$(inherited)",
					"@executable_path/Frameworks",
				);
				MARKETING_VERSION = 1.0;
				PRODUCT_BUNDLE_IDENTIFIER = com.iamlas.ReciMeX;
				PRODUCT_NAME = "$(TARGET_NAME)";
				SWIFT_EMIT_LOC_STRINGS = YES;
				SWIFT_VERSION = 5.0;
				TARGETED_DEVICE_FAMILY = "1,2";
			};
			name = Debug;
		};
		AC2205ED297812550076D462 /* Release */ = {
			isa = XCBuildConfiguration;
			buildSettings = {
				ASSETCATALOG_COMPILER_APPICON_NAME = AppIcon;
				ASSETCATALOG_COMPILER_GLOBAL_ACCENT_COLOR_NAME = AccentColor;
				CODE_SIGN_STYLE = Automatic;
				CURRENT_PROJECT_VERSION = 1;
				DEVELOPMENT_ASSET_PATHS = "\"ReciMeX/Preview Content\"";
				DEVELOPMENT_TEAM = TK6T4KEN3N;
				ENABLE_PREVIEWS = YES;
				GENERATE_INFOPLIST_FILE = YES;
				INFOPLIST_KEY_UIApplicationSceneManifest_Generation = YES;
				INFOPLIST_KEY_UIApplicationSupportsIndirectInputEvents = YES;
				INFOPLIST_KEY_UILaunchScreen_Generation = YES;
				INFOPLIST_KEY_UISupportedInterfaceOrientations_iPad = "UIInterfaceOrientationPortrait UIInterfaceOrientationPortraitUpsideDown UIInterfaceOrientationLandscapeLeft UIInterfaceOrientationLandscapeRight";
				INFOPLIST_KEY_UISupportedInterfaceOrientations_iPhone = "UIInterfaceOrientationPortrait UIInterfaceOrientationLandscapeLeft UIInterfaceOrientationLandscapeRight";
				LD_RUNPATH_SEARCH_PATHS = (
					"$(inherited)",
					"@executable_path/Frameworks",
				);
				MARKETING_VERSION = 1.0;
				PRODUCT_BUNDLE_IDENTIFIER = com.iamlas.ReciMeX;
				PRODUCT_NAME = "$(TARGET_NAME)";
				SWIFT_EMIT_LOC_STRINGS = YES;
				SWIFT_VERSION = 5.0;
				TARGETED_DEVICE_FAMILY = "1,2";
			};
			name = Release;
		};
/* End XCBuildConfiguration section */

/* Begin XCConfigurationList section */
		AC2205D8297812540076D462 /* Build configuration list for PBXProject "ReciMeX" */ = {
			isa = XCConfigurationList;
			buildConfigurations = (
				AC2205E9297812550076D462 /* Debug */,
				AC2205EA297812550076D462 /* Release */,
			);
			defaultConfigurationIsVisible = 0;
			defaultConfigurationName = Release;
		};
		AC2205EB297812550076D462 /* Build configuration list for PBXNativeTarget "ReciMeX" */ = {
			isa = XCConfigurationList;
			buildConfigurations = (
				AC2205EC297812550076D462 /* Debug */,
				AC2205ED297812550076D462 /* Release */,
			);
			defaultConfigurationIsVisible = 0;
			defaultConfigurationName = Release;
		};
/* End XCConfigurationList section */
	};
	rootObject = AC2205D5297812540076D462 /* Project object */;
}
